{
  "name": "syzercli",
  "version": "3.24.0",
  "lockfileVersion": 3,
  "requires": true,
  "packages": {
    "": {
      "name": "syzercli",
      "version": "3.24.0",
      "license": "MIT",
      "bin": {
        "syzer": "bin/syzer.js",
        "syzercli": "bin/syzer.js",
        "SyzerCLI": "bin/syzer.js"
      },
      "devDependencies": {
        "resedit": "^3.1.0"
      },
      "engines": {
        "node": ">=18"
      }
    },
    "node_modules/pe-library": {
      "version": "2.0.1",
      "resolved": "https://registry.npmjs.org/pe-library/-/pe-library-2.0.1.tgz",
      "integrity": "sha512-/qjYFqNSlq59B5DI36am++5/3gMgh02QnzpYigrwrW6s+QpU0mHf09/iA4wjTu21UUxodyV7ZCetV5MiDhaN/A==",
      "dev": true,
      "license": "MIT",
      "engines": {
        "node": ">=20"
      },
      "funding": {
        "type": "github",
        "url": "https://github.com/sponsors/jet2jet"
      }
    },
    "node_modules/resedit": {
      "version": "3.1.0",
      "resolved": "https://registry.npmjs.org/resedit/-/resedit-3.1.0.tgz",
      "integrity": "sha512-i6CN8E6FzTpzsGq/oUnm2GTWhddpZEbnAE+zeNwqTppucTK7xd178q1xWEMrFb+nLnCh+geDqZ4QwhFN8VEgVQ==",
      "dev": true,
      "license": "MIT",
      "dependencies": {
        "pe-library": "^2.0.1"
      },
      "engines": {
        "node": ">=20"
      },
      "funding": {
        "type": "github",
        "url": "https://github.com/sponsors/jet2jet"
      }
    }
  }
}
